// !$*UTF8*$!
{
	archiveVersion = 1;
	classes = {
	};
	objectVersion = 48;
	objects = {

/* Begin PBXBuildFile section */
		3A2AAA4436C4E70F72934590 /* Pods_CricHQTest.framework in Frameworks */ = {isa = PBXBuildFile; fileRef = A34B73141687C36878487067 /* Pods_CricHQTest.framework */; };
		753E88481F8865D3001F5B60 /* MoviesViewController.swift in Sources */ = {isa = PBXBuildFile; fileRef = 753E88471F8865D3001F5B60 /* MoviesViewController.swift */; };
		753E884B1F886C71001F5B60 /* PrimitiveSequence.swift in Sources */ = {isa = PBXBuildFile; fileRef = 753E884A1F886C71001F5B60 /* PrimitiveSequence.swift */; };
		753E884D1F886C95001F5B60 /* ErrorViewController.swift in Sources */ = {isa = PBXBuildFile; fileRef = 753E884C1F886C95001F5B60 /* ErrorViewController.swift */; };
		753E88531F887CD6001F5B60 /* MovieTableViewCell.swift in Sources */ = {isa = PBXBuildFile; fileRef = 753E88511F887CD6001F5B60 /* MovieTableViewCell.swift */; };
		753E88541F887CD6001F5B60 /* MovieTableViewCell.xib in Resources */ = {isa = PBXBuildFile; fileRef = 753E88521F887CD6001F5B60 /* MovieTableViewCell.xib */; };
		753E88581F8881F7001F5B60 /* R.generated.swift in Sources */ = {isa = PBXBuildFile; fileRef = 753E88571F8881F7001F5B60 /* R.generated.swift */; };
		753E885B1F88825B001F5B60 /* UITableView.swift in Sources */ = {isa = PBXBuildFile; fileRef = 753E885A1F88825B001F5B60 /* UITableView.swift */; };
		754A09231F88B6A000AE1260 /* MoviesDataFetcher.swift in Sources */ = {isa = PBXBuildFile; fileRef = 754A09221F88B6A000AE1260 /* MoviesDataFetcher.swift */; };
		754A09251F88B85D00AE1260 /* DateFormatters.swift in Sources */ = {isa = PBXBuildFile; fileRef = 754A09241F88B85D00AE1260 /* DateFormatters.swift */; };
		754A09281F88C6DB00AE1260 /* MovieViewModel.swift in Sources */ = {isa = PBXBuildFile; fileRef = 754A09271F88C6DB00AE1260 /* MovieViewModel.swift */; };
		754A092D1F88CAAF00AE1260 /* MovieDetailViewController.swift in Sources */ = {isa = PBXBuildFile; fileRef = 754A092B1F88CAAF00AE1260 /* MovieDetailViewController.swift */; };
		754A092E1F88CAAF00AE1260 /* MovieDetailViewController.xib in Resources */ = {isa = PBXBuildFile; fileRef = 754A092C1F88CAAF00AE1260 /* MovieDetailViewController.xib */; };
		754A09301F88F07500AE1260 /* UIColor.swift in Sources */ = {isa = PBXBuildFile; fileRef = 754A092F1F88F07500AE1260 /* UIColor.swift */; };
		7551F3811F8B500400316534 /* SessionManager.swift in Sources */ = {isa = PBXBuildFile; fileRef = 7551F3801F8B500400316534 /* SessionManager.swift */; };
		7555A59F1F8718A400129875 /* AppDelegate.swift in Sources */ = {isa = PBXBuildFile; fileRef = 7555A59E1F8718A400129875 /* AppDelegate.swift */; };
		7555A5A11F8718A400129875 /* MoviesContainerViewController.swift in Sources */ = {isa = PBXBuildFile; fileRef = 7555A5A01F8718A400129875 /* MoviesContainerViewController.swift */; };
		7555A5A61F8718A400129875 /* Assets.xcassets in Resources */ = {isa = PBXBuildFile; fileRef = 7555A5A51F8718A400129875 /* Assets.xcassets */; };
		7555A5A91F8718A400129875 /* LaunchScreen.storyboard in Resources */ = {isa = PBXBuildFile; fileRef = 7555A5A71F8718A400129875 /* LaunchScreen.storyboard */; };
		7555A5BF1F871FEE00129875 /* APIClient.swift in Sources */ = {isa = PBXBuildFile; fileRef = 7555A5BD1F871FEE00129875 /* APIClient.swift */; };
		7555A5C01F871FEE00129875 /* APIEndpoint.swift in Sources */ = {isa = PBXBuildFile; fileRef = 7555A5BE1F871FEE00129875 /* APIEndpoint.swift */; };
		7555A5C21F87201C00129875 /* APIClientProtocol.swift in Sources */ = {isa = PBXBuildFile; fileRef = 7555A5C11F87201C00129875 /* APIClientProtocol.swift */; };
		7555A5C41F87206C00129875 /* EnvironmentalVariablesProtocol.swift in Sources */ = {isa = PBXBuildFile; fileRef = 7555A5C31F87206C00129875 /* EnvironmentalVariablesProtocol.swift */; };
		7555A5C61F8720B000129875 /* EnvironmentalVariables.swift in Sources */ = {isa = PBXBuildFile; fileRef = 7555A5C51F8720B000129875 /* EnvironmentalVariables.swift */; };
		7555A5C81F8720C700129875 /* Environment.swift in Sources */ = {isa = PBXBuildFile; fileRef = 7555A5C71F8720C700129875 /* Environment.swift */; };
		7555A5CA1F8721E200129875 /* RequestBuilder.swift in Sources */ = {isa = PBXBuildFile; fileRef = 7555A5C91F8721E200129875 /* RequestBuilder.swift */; };
		7555A5D21F872B6000129875 /* KeyedAPIParameters.swift in Sources */ = {isa = PBXBuildFile; fileRef = 7555A5CE1F872B6000129875 /* KeyedAPIParameters.swift */; };
		7555A5D31F872B6000129875 /* DataResponse.swift in Sources */ = {isa = PBXBuildFile; fileRef = 7555A5D01F872B6000129875 /* DataResponse.swift */; };
		7555A5D41F872B6000129875 /* HTTPMethod.swift in Sources */ = {isa = PBXBuildFile; fileRef = 7555A5D11F872B6000129875 /* HTTPMethod.swift */; };
		7555A5D61F872BFD00129875 /* NetworkError.swift in Sources */ = {isa = PBXBuildFile; fileRef = 7555A5D51F872BFD00129875 /* NetworkError.swift */; };
		7555A5D91F8740E000129875 /* Image.swift in Sources */ = {isa = PBXBuildFile; fileRef = 7555A5D81F8740E000129875 /* Image.swift */; };
		7555A5DB1F8740F700129875 /* Price.swift in Sources */ = {isa = PBXBuildFile; fileRef = 7555A5DA1F8740F700129875 /* Price.swift */; };
		7555A5DD1F87417B00129875 /* ReleaseDate.swift in Sources */ = {isa = PBXBuildFile; fileRef = 7555A5DC1F87417B00129875 /* ReleaseDate.swift */; };
		7555A5DF1F87419400129875 /* Category.swift in Sources */ = {isa = PBXBuildFile; fileRef = 7555A5DE1F87419400129875 /* Category.swift */; };
		7555A5E11F8741A700129875 /* Movie.swift in Sources */ = {isa = PBXBuildFile; fileRef = 7555A5E01F8741A700129875 /* Movie.swift */; };
		7555A5E41F87424C00129875 /* JSONDecoder.swift in Sources */ = {isa = PBXBuildFile; fileRef = 7555A5E31F87424C00129875 /* JSONDecoder.swift */; };
		7555A5E61F87430B00129875 /* XMLParsingError.swift in Sources */ = {isa = PBXBuildFile; fileRef = 7555A5E51F87430B00129875 /* XMLParsingError.swift */; };
		7555A5E81F87432400129875 /* TopMovies.swift in Sources */ = {isa = PBXBuildFile; fileRef = 7555A5E71F87432400129875 /* TopMovies.swift */; };
		7555A5F11F87546C00129875 /* ContainerViewControllerProtocol.swift in Sources */ = {isa = PBXBuildFile; fileRef = 7555A5F01F87546C00129875 /* ContainerViewControllerProtocol.swift */; };
		7555A5F31F8764D700129875 /* LoadingViewController.swift in Sources */ = {isa = PBXBuildFile; fileRef = 7555A5F21F8764D700129875 /* LoadingViewController.swift */; };
		75C4EC941F8B0E6E00F96D4B /* LoadingContentView.swift in Sources */ = {isa = PBXBuildFile; fileRef = 75C4EC931F8B0E6E00F96D4B /* LoadingContentView.swift */; };
		75C4EC961F8B2ABB00F96D4B /* Collection.swift in Sources */ = {isa = PBXBuildFile; fileRef = 75C4EC951F8B2ABB00F96D4B /* Collection.swift */; };
		75CC80291F88AE0C0094A8E5 /* Singular.swift in Sources */ = {isa = PBXBuildFile; fileRef = 75CC80281F88AE0C0094A8E5 /* Singular.swift */; };
		75CC802B1F88B58E0094A8E5 /* InterfaceColors.swift in Sources */ = {isa = PBXBuildFile; fileRef = 75CC802A1F88B58E0094A8E5 /* InterfaceColors.swift */; };
		75CC802D1F88B5AC0094A8E5 /* MovieWithImage.swift in Sources */ = {isa = PBXBuildFile; fileRef = 75CC802C1F88B5AC0094A8E5 /* MovieWithImage.swift */; };
		75CC802F1F88B5C60094A8E5 /* MovieWithMetadata.swift in Sources */ = {isa = PBXBuildFile; fileRef = 75CC802E1F88B5C60094A8E5 /* MovieWithMetadata.swift */; };
		75D588CA1F89E9DC00CF586F /* MovieDetailContentView.swift in Sources */ = {isa = PBXBuildFile; fileRef = 75D588C91F89E9DC00CF586F /* MovieDetailContentView.swift */; };
		75D588CC1F89EB0D00CF586F /* UIImage.swift in Sources */ = {isa = PBXBuildFile; fileRef = 75D588CB1F89EB0D00CF586F /* UIImage.swift */; };
		75D588CE1F89FFC900CF586F /* Link.swift in Sources */ = {isa = PBXBuildFile; fileRef = 75D588CD1F89FFC900CF586F /* Link.swift */; };
		75F3C0AE1F8B345D003CDCBD /* ImageFetcher.swift in Sources */ = {isa = PBXBuildFile; fileRef = 75F3C0AD1F8B345D003CDCBD /* ImageFetcher.swift */; };
		75F3C0B01F8B37A2003CDCBD /* ImageProcessor.swift in Sources */ = {isa = PBXBuildFile; fileRef = 75F3C0AF1F8B37A2003CDCBD /* ImageProcessor.swift */; };
		75F3C0B21F8B4566003CDCBD /* StatefulContainerViewController.swift in Sources */ = {isa = PBXBuildFile; fileRef = 75F3C0B11F8B4566003CDCBD /* StatefulContainerViewController.swift */; };
		75F3C0B41F8B4584003CDCBD /* ContainerStateProtocol.swift in Sources */ = {isa = PBXBuildFile; fileRef = 75F3C0B31F8B4584003CDCBD /* ContainerStateProtocol.swift */; };
/* End PBXBuildFile section */

/* Begin PBXFileReference section */
		5E3BF99820CBD1FA2CD9ACA1 /* Pods-CricHQTest.debug.xcconfig */ = {isa = PBXFileReference; includeInIndex = 1; lastKnownFileType = text.xcconfig; name = "Pods-CricHQTest.debug.xcconfig"; path = "Pods/Target Support Files/Pods-CricHQTest/Pods-CricHQTest.debug.xcconfig"; sourceTree = "<group>"; };
		753E88471F8865D3001F5B60 /* MoviesViewController.swift */ = {isa = PBXFileReference; lastKnownFileType = sourcecode.swift; path = MoviesViewController.swift; sourceTree = "<group>"; };
		753E884A1F886C71001F5B60 /* PrimitiveSequence.swift */ = {isa = PBXFileReference; lastKnownFileType = sourcecode.swift; path = PrimitiveSequence.swift; sourceTree = "<group>"; };
		753E884C1F886C95001F5B60 /* ErrorViewController.swift */ = {isa = PBXFileReference; lastKnownFileType = sourcecode.swift; path = ErrorViewController.swift; sourceTree = "<group>"; };
		753E88511F887CD6001F5B60 /* MovieTableViewCell.swift */ = {isa = PBXFileReference; lastKnownFileType = sourcecode.swift; path = MovieTableViewCell.swift; sourceTree = "<group>"; };
		753E88521F887CD6001F5B60 /* MovieTableViewCell.xib */ = {isa = PBXFileReference; lastKnownFileType = file.xib; path = MovieTableViewCell.xib; sourceTree = "<group>"; };
		753E88571F8881F7001F5B60 /* R.generated.swift */ = {isa = PBXFileReference; fileEncoding = 4; lastKnownFileType = sourcecode.swift; path = R.generated.swift; sourceTree = SOURCE_ROOT; };
		753E885A1F88825B001F5B60 /* UITableView.swift */ = {isa = PBXFileReference; lastKnownFileType = sourcecode.swift; path = UITableView.swift; sourceTree = "<group>"; };
		754A09221F88B6A000AE1260 /* MoviesDataFetcher.swift */ = {isa = PBXFileReference; lastKnownFileType = sourcecode.swift; path = MoviesDataFetcher.swift; sourceTree = "<group>"; };
		754A09241F88B85D00AE1260 /* DateFormatters.swift */ = {isa = PBXFileReference; lastKnownFileType = sourcecode.swift; path = DateFormatters.swift; sourceTree = "<group>"; };
		754A09271F88C6DB00AE1260 /* MovieViewModel.swift */ = {isa = PBXFileReference; lastKnownFileType = sourcecode.swift; path = MovieViewModel.swift; sourceTree = "<group>"; };
		754A092B1F88CAAF00AE1260 /* MovieDetailViewController.swift */ = {isa = PBXFileReference; lastKnownFileType = sourcecode.swift; path = MovieDetailViewController.swift; sourceTree = "<group>"; };
		754A092C1F88CAAF00AE1260 /* MovieDetailViewController.xib */ = {isa = PBXFileReference; lastKnownFileType = file.xib; path = MovieDetailViewController.xib; sourceTree = "<group>"; };
		754A092F1F88F07500AE1260 /* UIColor.swift */ = {isa = PBXFileReference; lastKnownFileType = sourcecode.swift; path = UIColor.swift; sourceTree = "<group>"; };
		7551F3801F8B500400316534 /* SessionManager.swift */ = {isa = PBXFileReference; lastKnownFileType = sourcecode.swift; path = SessionManager.swift; sourceTree = "<group>"; };
		7555A59B1F8718A400129875 /* CricHQTest.app */ = {isa = PBXFileReference; explicitFileType = wrapper.application; includeInIndex = 0; path = CricHQTest.app; sourceTree = BUILT_PRODUCTS_DIR; };
		7555A59E1F8718A400129875 /* AppDelegate.swift */ = {isa = PBXFileReference; lastKnownFileType = sourcecode.swift; path = AppDelegate.swift; sourceTree = "<group>"; };
		7555A5A01F8718A400129875 /* MoviesContainerViewController.swift */ = {isa = PBXFileReference; lastKnownFileType = sourcecode.swift; path = MoviesContainerViewController.swift; sourceTree = "<group>"; };
		7555A5A51F8718A400129875 /* Assets.xcassets */ = {isa = PBXFileReference; lastKnownFileType = folder.assetcatalog; path = Assets.xcassets; sourceTree = "<group>"; };
		7555A5A81F8718A400129875 /* Base */ = {isa = PBXFileReference; lastKnownFileType = file.storyboard; name = Base; path = Base.lproj/LaunchScreen.storyboard; sourceTree = "<group>"; };
		7555A5AA1F8718A400129875 /* Info.plist */ = {isa = PBXFileReference; lastKnownFileType = text.plist.xml; path = Info.plist; sourceTree = "<group>"; };
		7555A5B31F8719F700129875 /* Gemfile */ = {isa = PBXFileReference; lastKnownFileType = text; path = Gemfile; sourceTree = "<group>"; };
		7555A5B41F8719F700129875 /* LICENSE */ = {isa = PBXFileReference; lastKnownFileType = text; path = LICENSE; sourceTree = "<group>"; };
		7555A5B51F8719F700129875 /* README.md */ = {isa = PBXFileReference; lastKnownFileType = net.daringfireball.markdown; path = README.md; sourceTree = "<group>"; };
		7555A5B61F8719F700129875 /* .swiftlint.yml */ = {isa = PBXFileReference; lastKnownFileType = text; path = .swiftlint.yml; sourceTree = "<group>"; };
		7555A5B71F8719F700129875 /* .gitignore */ = {isa = PBXFileReference; lastKnownFileType = text; path = .gitignore; sourceTree = "<group>"; };
		7555A5BD1F871FEE00129875 /* APIClient.swift */ = {isa = PBXFileReference; fileEncoding = 4; lastKnownFileType = sourcecode.swift; path = APIClient.swift; sourceTree = "<group>"; };
		7555A5BE1F871FEE00129875 /* APIEndpoint.swift */ = {isa = PBXFileReference; fileEncoding = 4; lastKnownFileType = sourcecode.swift; path = APIEndpoint.swift; sourceTree = "<group>"; };
		7555A5C11F87201C00129875 /* APIClientProtocol.swift */ = {isa = PBXFileReference; fileEncoding = 4; lastKnownFileType = sourcecode.swift; path = APIClientProtocol.swift; sourceTree = "<group>"; };
		7555A5C31F87206C00129875 /* EnvironmentalVariablesProtocol.swift */ = {isa = PBXFileReference; fileEncoding = 4; lastKnownFileType = sourcecode.swift; path = EnvironmentalVariablesProtocol.swift; sourceTree = "<group>"; };
		7555A5C51F8720B000129875 /* EnvironmentalVariables.swift */ = {isa = PBXFileReference; fileEncoding = 4; lastKnownFileType = sourcecode.swift; path = EnvironmentalVariables.swift; sourceTree = "<group>"; };
		7555A5C71F8720C700129875 /* Environment.swift */ = {isa = PBXFileReference; fileEncoding = 4; lastKnownFileType = sourcecode.swift; path = Environment.swift; sourceTree = "<group>"; };
		7555A5C91F8721E200129875 /* RequestBuilder.swift */ = {isa = PBXFileReference; fileEncoding = 4; lastKnownFileType = sourcecode.swift; path = RequestBuilder.swift; sourceTree = "<group>"; };
		7555A5CE1F872B6000129875 /* KeyedAPIParameters.swift */ = {isa = PBXFileReference; fileEncoding = 4; lastKnownFileType = sourcecode.swift; path = KeyedAPIParameters.swift; sourceTree = "<group>"; };
		7555A5D01F872B6000129875 /* DataResponse.swift */ = {isa = PBXFileReference; fileEncoding = 4; lastKnownFileType = sourcecode.swift; path = DataResponse.swift; sourceTree = "<group>"; };
		7555A5D11F872B6000129875 /* HTTPMethod.swift */ = {isa = PBXFileReference; fileEncoding = 4; lastKnownFileType = sourcecode.swift; path = HTTPMethod.swift; sourceTree = "<group>"; };
		7555A5D51F872BFD00129875 /* NetworkError.swift */ = {isa = PBXFileReference; fileEncoding = 4; lastKnownFileType = sourcecode.swift; path = NetworkError.swift; sourceTree = "<group>"; };
		7555A5D81F8740E000129875 /* Image.swift */ = {isa = PBXFileReference; lastKnownFileType = sourcecode.swift; path = Image.swift; sourceTree = "<group>"; };
		7555A5DA1F8740F700129875 /* Price.swift */ = {isa = PBXFileReference; lastKnownFileType = sourcecode.swift; path = Price.swift; sourceTree = "<group>"; };
		7555A5DC1F87417B00129875 /* ReleaseDate.swift */ = {isa = PBXFileReference; lastKnownFileType = sourcecode.swift; path = ReleaseDate.swift; sourceTree = "<group>"; };
		7555A5DE1F87419400129875 /* Category.swift */ = {isa = PBXFileReference; lastKnownFileType = sourcecode.swift; path = Category.swift; sourceTree = "<group>"; };
		7555A5E01F8741A700129875 /* Movie.swift */ = {isa = PBXFileReference; lastKnownFileType = sourcecode.swift; path = Movie.swift; sourceTree = "<group>"; };
		7555A5E31F87424C00129875 /* JSONDecoder.swift */ = {isa = PBXFileReference; lastKnownFileType = sourcecode.swift; path = JSONDecoder.swift; sourceTree = "<group>"; };
		7555A5E51F87430B00129875 /* XMLParsingError.swift */ = {isa = PBXFileReference; lastKnownFileType = sourcecode.swift; path = XMLParsingError.swift; sourceTree = "<group>"; };
		7555A5E71F87432400129875 /* TopMovies.swift */ = {isa = PBXFileReference; lastKnownFileType = sourcecode.swift; path = TopMovies.swift; sourceTree = "<group>"; };
		7555A5EA1F874F3E00129875 /* example_dictionary.md */ = {isa = PBXFileReference; lastKnownFileType = net.daringfireball.markdown; path = example_dictionary.md; sourceTree = "<group>"; };
		7555A5F01F87546C00129875 /* ContainerViewControllerProtocol.swift */ = {isa = PBXFileReference; fileEncoding = 4; lastKnownFileType = sourcecode.swift; path = ContainerViewControllerProtocol.swift; sourceTree = "<group>"; };
		7555A5F21F8764D700129875 /* LoadingViewController.swift */ = {isa = PBXFileReference; lastKnownFileType = sourcecode.swift; path = LoadingViewController.swift; sourceTree = "<group>"; };
		75C4EC931F8B0E6E00F96D4B /* LoadingContentView.swift */ = {isa = PBXFileReference; lastKnownFileType = sourcecode.swift; path = LoadingContentView.swift; sourceTree = "<group>"; };
		75C4EC951F8B2ABB00F96D4B /* Collection.swift */ = {isa = PBXFileReference; lastKnownFileType = sourcecode.swift; path = Collection.swift; sourceTree = "<group>"; };
		75CC80281F88AE0C0094A8E5 /* Singular.swift */ = {isa = PBXFileReference; fileEncoding = 4; lastKnownFileType = sourcecode.swift; path = Singular.swift; sourceTree = "<group>"; };
		75CC802A1F88B58E0094A8E5 /* InterfaceColors.swift */ = {isa = PBXFileReference; lastKnownFileType = sourcecode.swift; path = InterfaceColors.swift; sourceTree = "<group>"; };
		75CC802C1F88B5AC0094A8E5 /* MovieWithImage.swift */ = {isa = PBXFileReference; lastKnownFileType = sourcecode.swift; path = MovieWithImage.swift; sourceTree = "<group>"; };
		75CC802E1F88B5C60094A8E5 /* MovieWithMetadata.swift */ = {isa = PBXFileReference; lastKnownFileType = sourcecode.swift; path = MovieWithMetadata.swift; sourceTree = "<group>"; };
		75D588C91F89E9DC00CF586F /* MovieDetailContentView.swift */ = {isa = PBXFileReference; lastKnownFileType = sourcecode.swift; path = MovieDetailContentView.swift; sourceTree = "<group>"; };
		75D588CB1F89EB0D00CF586F /* UIImage.swift */ = {isa = PBXFileReference; lastKnownFileType = sourcecode.swift; path = UIImage.swift; sourceTree = "<group>"; };
		75D588CD1F89FFC900CF586F /* Link.swift */ = {isa = PBXFileReference; lastKnownFileType = sourcecode.swift; path = Link.swift; sourceTree = "<group>"; };
		75F3C0AD1F8B345D003CDCBD /* ImageFetcher.swift */ = {isa = PBXFileReference; lastKnownFileType = sourcecode.swift; path = ImageFetcher.swift; sourceTree = "<group>"; };
		75F3C0AF1F8B37A2003CDCBD /* ImageProcessor.swift */ = {isa = PBXFileReference; lastKnownFileType = sourcecode.swift; path = ImageProcessor.swift; sourceTree = "<group>"; };
		75F3C0B11F8B4566003CDCBD /* StatefulContainerViewController.swift */ = {isa = PBXFileReference; lastKnownFileType = sourcecode.swift; path = StatefulContainerViewController.swift; sourceTree = "<group>"; };
		75F3C0B31F8B4584003CDCBD /* ContainerStateProtocol.swift */ = {isa = PBXFileReference; lastKnownFileType = sourcecode.swift; path = ContainerStateProtocol.swift; sourceTree = "<group>"; };
		A34B73141687C36878487067 /* Pods_CricHQTest.framework */ = {isa = PBXFileReference; explicitFileType = wrapper.framework; includeInIndex = 0; path = Pods_CricHQTest.framework; sourceTree = BUILT_PRODUCTS_DIR; };
		B148BDDECE1CF6CA3F66C88D /* Pods-CricHQTest.release.xcconfig */ = {isa = PBXFileReference; includeInIndex = 1; lastKnownFileType = text.xcconfig; name = "Pods-CricHQTest.release.xcconfig"; path = "Pods/Target Support Files/Pods-CricHQTest/Pods-CricHQTest.release.xcconfig"; sourceTree = "<group>"; };
/* End PBXFileReference section */

/* Begin PBXFrameworksBuildPhase section */
		7555A5981F8718A400129875 /* Frameworks */ = {
			isa = PBXFrameworksBuildPhase;
			buildActionMask = 2147483647;
			files = (
				3A2AAA4436C4E70F72934590 /* Pods_CricHQTest.framework in Frameworks */,
			);
			runOnlyForDeploymentPostprocessing = 0;
		};
/* End PBXFrameworksBuildPhase section */

/* Begin PBXGroup section */
		753E88491F886C63001F5B60 /* RxSwift */ = {
			isa = PBXGroup;
			children = (
				753E884A1F886C71001F5B60 /* PrimitiveSequence.swift */,
			);
			path = RxSwift;
			sourceTree = "<group>";
		};
		753E88501F887C9C001F5B60 /* Views */ = {
			isa = PBXGroup;
			children = (
				75C4EC931F8B0E6E00F96D4B /* LoadingContentView.swift */,
				75D588C91F89E9DC00CF586F /* MovieDetailContentView.swift */,
				753E88511F887CD6001F5B60 /* MovieTableViewCell.swift */,
				753E88521F887CD6001F5B60 /* MovieTableViewCell.xib */,
			);
			path = Views;
			sourceTree = "<group>";
		};
		753E88561F8881E3001F5B60 /* Generated */ = {
			isa = PBXGroup;
			children = (
				753E88571F8881F7001F5B60 /* R.generated.swift */,
			);
			name = Generated;
			sourceTree = "<group>";
		};
		753E88591F888208001F5B60 /* UIKit */ = {
			isa = PBXGroup;
			children = (
				754A092F1F88F07500AE1260 /* UIColor.swift */,
				75D588CB1F89EB0D00CF586F /* UIImage.swift */,
				753E885A1F88825B001F5B60 /* UITableView.swift */,
			);
			path = UIKit;
			sourceTree = "<group>";
		};
		754A09261F88C6CE00AE1260 /* ViewModels */ = {
			isa = PBXGroup;
			children = (
				754A09271F88C6DB00AE1260 /* MovieViewModel.swift */,
			);
			path = ViewModels;
			sourceTree = "<group>";
		};
		7555A5921F8718A400129875 = {
			isa = PBXGroup;
			children = (
				7555A5B71F8719F700129875 /* .gitignore */,
				7555A5B61F8719F700129875 /* .swiftlint.yml */,
				7555A59D1F8718A400129875 /* CricHQTest */,
				ECE61F2D3A41A6566D5DCA77 /* Frameworks */,
				7555A5B31F8719F700129875 /* Gemfile */,
				7555A5B41F8719F700129875 /* LICENSE */,
				E50CBB89BDCEF68754017530 /* Pods */,
				7555A59C1F8718A400129875 /* Products */,
				7555A5B51F8719F700129875 /* README.md */,
			);
			sourceTree = "<group>";
		};
		7555A59C1F8718A400129875 /* Products */ = {
			isa = PBXGroup;
			children = (
				7555A59B1F8718A400129875 /* CricHQTest.app */,
			);
			name = Products;
			sourceTree = "<group>";
		};
		7555A59D1F8718A400129875 /* CricHQTest */ = {
			isa = PBXGroup;
			children = (
				7555A5B11F87196900129875 /* Application */,
				7555A5CC1F8723F500129875 /* Extensions */,
				753E88561F8881E3001F5B60 /* Generated */,
				7555A5D71F8740CF00129875 /* Models */,
				7555A5BC1F871FD300129875 /* Objects */,
				7555A5B91F871F0900129875 /* Protocols */,
				7555A5B01F87195E00129875 /* Supporting Files */,
				7555A5B21F87197100129875 /* ViewControllers */,
				754A09261F88C6CE00AE1260 /* ViewModels */,
				753E88501F887C9C001F5B60 /* Views */,
			);
			path = CricHQTest;
			sourceTree = "<group>";
		};
		7555A5B01F87195E00129875 /* Supporting Files */ = {
			isa = PBXGroup;
			children = (
				7555A5A51F8718A400129875 /* Assets.xcassets */,
				7555A5E91F874ED300129875 /* Example data */,
				7555A5AA1F8718A400129875 /* Info.plist */,
				7555A5A71F8718A400129875 /* LaunchScreen.storyboard */,
			);
			path = "Supporting Files";
			sourceTree = "<group>";
		};
		7555A5B11F87196900129875 /* Application */ = {
			isa = PBXGroup;
			children = (
				7555A59E1F8718A400129875 /* AppDelegate.swift */,
			);
			path = Application;
			sourceTree = "<group>";
		};
		7555A5B21F87197100129875 /* ViewControllers */ = {
			isa = PBXGroup;
			children = (
				753E884C1F886C95001F5B60 /* ErrorViewController.swift */,
				7555A5F21F8764D700129875 /* LoadingViewController.swift */,
				754A092B1F88CAAF00AE1260 /* MovieDetailViewController.swift */,
				754A092C1F88CAAF00AE1260 /* MovieDetailViewController.xib */,
				7555A5A01F8718A400129875 /* MoviesContainerViewController.swift */,
				753E88471F8865D3001F5B60 /* MoviesViewController.swift */,
			);
			path = ViewControllers;
			sourceTree = "<group>";
		};
		7555A5B91F871F0900129875 /* Protocols */ = {
			isa = PBXGroup;
			children = (
				75F3C0B31F8B4584003CDCBD /* ContainerStateProtocol.swift */,
				7555A5ED1F874FEF00129875 /* Environment */,
				7555A5EE1F874FFB00129875 /* Networking */,
				7555A5EF1F87545300129875 /* ViewControllers */,
			);
			path = Protocols;
			sourceTree = "<group>";
		};
		7555A5BC1F871FD300129875 /* Objects */ = {
			isa = PBXGroup;
			children = (
				754A09241F88B85D00AE1260 /* DateFormatters.swift */,
				7555A5EB1F874FCA00129875 /* Environment */,
				75F3C0AF1F8B37A2003CDCBD /* ImageProcessor.swift */,
				75CC802A1F88B58E0094A8E5 /* InterfaceColors.swift */,
				75CC802C1F88B5AC0094A8E5 /* MovieWithImage.swift */,
				75CC802E1F88B5C60094A8E5 /* MovieWithMetadata.swift */,
				7555A5EC1F874FD400129875 /* Networking */,
				75CC80281F88AE0C0094A8E5 /* Singular.swift */,
			);
			path = Objects;
			sourceTree = "<group>";
		};
		7555A5CC1F8723F500129875 /* Extensions */ = {
			isa = PBXGroup;
			children = (
				7555A5CF1F872B6000129875 /* Alamofire */,
				7555A5E21F87424100129875 /* Foundation */,
				7555A5CD1F872B6000129875 /* KeyedAPIParameters */,
				753E88491F886C63001F5B60 /* RxSwift */,
				753E88591F888208001F5B60 /* UIKit */,
			);
			path = Extensions;
			sourceTree = "<group>";
		};
		7555A5CD1F872B6000129875 /* KeyedAPIParameters */ = {
			isa = PBXGroup;
			children = (
				7555A5CE1F872B6000129875 /* KeyedAPIParameters.swift */,
			);
			path = KeyedAPIParameters;
			sourceTree = "<group>";
		};
		7555A5CF1F872B6000129875 /* Alamofire */ = {
			isa = PBXGroup;
			children = (
				7555A5D01F872B6000129875 /* DataResponse.swift */,
				7555A5D11F872B6000129875 /* HTTPMethod.swift */,
				7551F3801F8B500400316534 /* SessionManager.swift */,
			);
			path = Alamofire;
			sourceTree = "<group>";
		};
		7555A5D71F8740CF00129875 /* Models */ = {
			isa = PBXGroup;
			children = (
				7555A5DE1F87419400129875 /* Category.swift */,
				7555A5D81F8740E000129875 /* Image.swift */,
				75D588CD1F89FFC900CF586F /* Link.swift */,
				7555A5E01F8741A700129875 /* Movie.swift */,
				7555A5DA1F8740F700129875 /* Price.swift */,
				7555A5DC1F87417B00129875 /* ReleaseDate.swift */,
				7555A5E71F87432400129875 /* TopMovies.swift */,
			);
			path = Models;
			sourceTree = "<group>";
		};
		7555A5E21F87424100129875 /* Foundation */ = {
			isa = PBXGroup;
			children = (
				75C4EC951F8B2ABB00F96D4B /* Collection.swift */,
				7555A5E31F87424C00129875 /* JSONDecoder.swift */,
			);
			path = Foundation;
			sourceTree = "<group>";
		};
		7555A5E91F874ED300129875 /* Example data */ = {
			isa = PBXGroup;
			children = (
				7555A5EA1F874F3E00129875 /* example_dictionary.md */,
			);
			path = "Example data";
			sourceTree = "<group>";
		};
		7555A5EB1F874FCA00129875 /* Environment */ = {
			isa = PBXGroup;
			children = (
				7555A5C71F8720C700129875 /* Environment.swift */,
				7555A5C51F8720B000129875 /* EnvironmentalVariables.swift */,
			);
			path = Environment;
			sourceTree = "<group>";
		};
		7555A5EC1F874FD400129875 /* Networking */ = {
			isa = PBXGroup;
			children = (
				7555A5BD1F871FEE00129875 /* APIClient.swift */,
				7555A5BE1F871FEE00129875 /* APIEndpoint.swift */,
				75F3C0AD1F8B345D003CDCBD /* ImageFetcher.swift */,
				754A09221F88B6A000AE1260 /* MoviesDataFetcher.swift */,
				7555A5D51F872BFD00129875 /* NetworkError.swift */,
				7555A5C91F8721E200129875 /* RequestBuilder.swift */,
				7555A5E51F87430B00129875 /* XMLParsingError.swift */,
			);
			path = Networking;
			sourceTree = "<group>";
		};
		7555A5ED1F874FEF00129875 /* Environment */ = {
			isa = PBXGroup;
			children = (
				7555A5C31F87206C00129875 /* EnvironmentalVariablesProtocol.swift */,
			);
			path = Environment;
			sourceTree = "<group>";
		};
		7555A5EE1F874FFB00129875 /* Networking */ = {
			isa = PBXGroup;
			children = (
				7555A5C11F87201C00129875 /* APIClientProtocol.swift */,
			);
			path = Networking;
			sourceTree = "<group>";
		};
		7555A5EF1F87545300129875 /* ViewControllers */ = {
			isa = PBXGroup;
			children = (
				7555A5F01F87546C00129875 /* ContainerViewControllerProtocol.swift */,
				75F3C0B11F8B4566003CDCBD /* StatefulContainerViewController.swift */,
			);
			path = ViewControllers;
			sourceTree = "<group>";
		};
		E50CBB89BDCEF68754017530 /* Pods */ = {
			isa = PBXGroup;
			children = (
				5E3BF99820CBD1FA2CD9ACA1 /* Pods-CricHQTest.debug.xcconfig */,
				B148BDDECE1CF6CA3F66C88D /* Pods-CricHQTest.release.xcconfig */,
			);
			name = Pods;
			sourceTree = "<group>";
		};
		ECE61F2D3A41A6566D5DCA77 /* Frameworks */ = {
			isa = PBXGroup;
			children = (
				A34B73141687C36878487067 /* Pods_CricHQTest.framework */,
			);
			name = Frameworks;
			sourceTree = "<group>";
		};
/* End PBXGroup section */

/* Begin PBXNativeTarget section */
		7555A59A1F8718A400129875 /* CricHQTest */ = {
			isa = PBXNativeTarget;
			buildConfigurationList = 7555A5AD1F8718A400129875 /* Build configuration list for PBXNativeTarget "CricHQTest" */;
			buildPhases = (
				17387DC4EAD5276C89608D75 /* [CP] Check Pods Manifest.lock */,
				753E88551F8881A1001F5B60 /* R.swift */,
				7555A5971F8718A400129875 /* Sources */,
				7555A5B81F871B4B00129875 /* SwiftLint */,
				7555A5981F8718A400129875 /* Frameworks */,
				7555A5991F8718A400129875 /* Resources */,
				3114599341DD7D931C39305A /* [CP] Embed Pods Frameworks */,
				ADD3F02841A74200AA0305FC /* [CP] Copy Pods Resources */,
			);
			buildRules = (
			);
			dependencies = (
			);
			name = CricHQTest;
			productName = CricHQTest;
			productReference = 7555A59B1F8718A400129875 /* CricHQTest.app */;
			productType = "com.apple.product-type.application";
		};
/* End PBXNativeTarget section */

/* Begin PBXProject section */
		7555A5931F8718A400129875 /* Project object */ = {
			isa = PBXProject;
			attributes = {
				LastSwiftUpdateCheck = 0900;
				LastUpgradeCheck = 0900;
				ORGANIZATIONNAME = Noobish1;
				TargetAttributes = {
					7555A59A1F8718A400129875 = {
						CreatedOnToolsVersion = 9.0;
						ProvisioningStyle = Automatic;
					};
				};
			};
			buildConfigurationList = 7555A5961F8718A400129875 /* Build configuration list for PBXProject "CricHQTest" */;
			compatibilityVersion = "Xcode 8.0";
			developmentRegion = en;
			hasScannedForEncodings = 0;
			knownRegions = (
				en,
				Base,
			);
			mainGroup = 7555A5921F8718A400129875;
			productRefGroup = 7555A59C1F8718A400129875 /* Products */;
			projectDirPath = "";
			projectRoot = "";
			targets = (
				7555A59A1F8718A400129875 /* CricHQTest */,
			);
		};
/* End PBXProject section */

/* Begin PBXResourcesBuildPhase section */
		7555A5991F8718A400129875 /* Resources */ = {
			isa = PBXResourcesBuildPhase;
			buildActionMask = 2147483647;
			files = (
				754A092E1F88CAAF00AE1260 /* MovieDetailViewController.xib in Resources */,
				7555A5A91F8718A400129875 /* LaunchScreen.storyboard in Resources */,
				7555A5A61F8718A400129875 /* Assets.xcassets in Resources */,
				753E88541F887CD6001F5B60 /* MovieTableViewCell.xib in Resources */,
			);
			runOnlyForDeploymentPostprocessing = 0;
		};
/* End PBXResourcesBuildPhase section */

/* Begin PBXShellScriptBuildPhase section */
		17387DC4EAD5276C89608D75 /* [CP] Check Pods Manifest.lock */ = {
			isa = PBXShellScriptBuildPhase;
			buildActionMask = 2147483647;
			files = (
			);
			inputPaths = (
				"${PODS_PODFILE_DIR_PATH}/Podfile.lock",
				"${PODS_ROOT}/Manifest.lock",
			);
			name = "[CP] Check Pods Manifest.lock";
			outputPaths = (
				"$(DERIVED_FILE_DIR)/Pods-CricHQTest-checkManifestLockResult.txt",
			);
			runOnlyForDeploymentPostprocessing = 0;
			shellPath = /bin/sh;
			shellScript = "diff \"${PODS_PODFILE_DIR_PATH}/Podfile.lock\" \"${PODS_ROOT}/Manifest.lock\" > /dev/null\nif [ $? != 0 ] ; then\n    # print error to STDERR\n    echo \"error: The sandbox is not in sync with the Podfile.lock. Run 'pod install' or update your CocoaPods installation.\" >&2\n    exit 1\nfi\n# This output is used by Xcode 'outputs' to avoid re-running this script phase.\necho \"SUCCESS\" > \"${SCRIPT_OUTPUT_FILE_0}\"\n";
			showEnvVarsInLog = 0;
		};
		3114599341DD7D931C39305A /* [CP] Embed Pods Frameworks */ = {
			isa = PBXShellScriptBuildPhase;
			buildActionMask = 2147483647;
			files = (
			);
			inputPaths = (
				"${SRCROOT}/Pods/Target Support Files/Pods-CricHQTest/Pods-CricHQTest-frameworks.sh",
				"${BUILT_PRODUCTS_DIR}/Alamofire/Alamofire.framework",
				"${BUILT_PRODUCTS_DIR}/Hue/Hue.framework",
				"${BUILT_PRODUCTS_DIR}/KMNavigationBarTransition/KMNavigationBarTransition.framework",
				"${BUILT_PRODUCTS_DIR}/KeyedAPIParameters/KeyedAPIParameters.framework",
				"${BUILT_PRODUCTS_DIR}/Kingfisher/Kingfisher.framework",
				"${BUILT_PRODUCTS_DIR}/R.swift.Library/Rswift.framework",
				"${BUILT_PRODUCTS_DIR}/RxSwift/RxSwift.framework",
				"${BUILT_PRODUCTS_DIR}/SnapKit/SnapKit.framework",
				"${BUILT_PRODUCTS_DIR}/Then/Then.framework",
				"${BUILT_PRODUCTS_DIR}/XMLDictionary/XMLDictionary.framework",
			);
			name = "[CP] Embed Pods Frameworks";
			outputPaths = (
				"${TARGET_BUILD_DIR}/${FRAMEWORKS_FOLDER_PATH}/Alamofire.framework",
				"${TARGET_BUILD_DIR}/${FRAMEWORKS_FOLDER_PATH}/Hue.framework",
				"${TARGET_BUILD_DIR}/${FRAMEWORKS_FOLDER_PATH}/KMNavigationBarTransition.framework",
				"${TARGET_BUILD_DIR}/${FRAMEWORKS_FOLDER_PATH}/KeyedAPIParameters.framework",
				"${TARGET_BUILD_DIR}/${FRAMEWORKS_FOLDER_PATH}/Kingfisher.framework",
				"${TARGET_BUILD_DIR}/${FRAMEWORKS_FOLDER_PATH}/Rswift.framework",
				"${TARGET_BUILD_DIR}/${FRAMEWORKS_FOLDER_PATH}/RxSwift.framework",
				"${TARGET_BUILD_DIR}/${FRAMEWORKS_FOLDER_PATH}/SnapKit.framework",
				"${TARGET_BUILD_DIR}/${FRAMEWORKS_FOLDER_PATH}/Then.framework",
				"${TARGET_BUILD_DIR}/${FRAMEWORKS_FOLDER_PATH}/XMLDictionary.framework",
			);
			runOnlyForDeploymentPostprocessing = 0;
			shellPath = /bin/sh;
			shellScript = "\"${SRCROOT}/Pods/Target Support Files/Pods-CricHQTest/Pods-CricHQTest-frameworks.sh\"\n";
			showEnvVarsInLog = 0;
		};
		753E88551F8881A1001F5B60 /* R.swift */ = {
			isa = PBXShellScriptBuildPhase;
			buildActionMask = 2147483647;
			files = (
			);
			inputPaths = (
			);
			name = R.swift;
			outputPaths = (
			);
			runOnlyForDeploymentPostprocessing = 0;
			shellPath = /bin/sh;
			shellScript = "\"$PODS_ROOT/R.swift/rswift\" generate \"$SRCROOT\"";
		};
		7555A5B81F871B4B00129875 /* SwiftLint */ = {
			isa = PBXShellScriptBuildPhase;
			buildActionMask = 2147483647;
			files = (
			);
			inputPaths = (
			);
			name = SwiftLint;
			outputPaths = (
			);
			runOnlyForDeploymentPostprocessing = 0;
			shellPath = /bin/sh;
			shellScript = "\"${PODS_ROOT}/SwiftLint/swiftlint\"";
		};
		ADD3F02841A74200AA0305FC /* [CP] Copy Pods Resources */ = {
			isa = PBXShellScriptBuildPhase;
			buildActionMask = 2147483647;
			files = (
			);
			inputPaths = (
			);
			name = "[CP] Copy Pods Resources";
			outputPaths = (
			);
			runOnlyForDeploymentPostprocessing = 0;
			shellPath = /bin/sh;
			shellScript = "\"${SRCROOT}/Pods/Target Support Files/Pods-CricHQTest/Pods-CricHQTest-resources.sh\"\n";
			showEnvVarsInLog = 0;
		};
/* End PBXShellScriptBuildPhase section */

/* Begin PBXSourcesBuildPhase section */
		7555A5971F8718A400129875 /* Sources */ = {
			isa = PBXSourcesBuildPhase;
			buildActionMask = 2147483647;
			files = (
				75F3C0B41F8B4584003CDCBD /* ContainerStateProtocol.swift in Sources */,
				7555A5A11F8718A400129875 /* MoviesContainerViewController.swift in Sources */,
				75F3C0B01F8B37A2003CDCBD /* ImageProcessor.swift in Sources */,
				7555A5D21F872B6000129875 /* KeyedAPIParameters.swift in Sources */,
				753E88531F887CD6001F5B60 /* MovieTableViewCell.swift in Sources */,
				7555A5E11F8741A700129875 /* Movie.swift in Sources */,
				7555A5E61F87430B00129875 /* XMLParsingError.swift in Sources */,
				7555A5C81F8720C700129875 /* Environment.swift in Sources */,
				7555A5D31F872B6000129875 /* DataResponse.swift in Sources */,
				75F3C0B21F8B4566003CDCBD /* StatefulContainerViewController.swift in Sources */,
				7555A59F1F8718A400129875 /* AppDelegate.swift in Sources */,
				7555A5E41F87424C00129875 /* JSONDecoder.swift in Sources */,
				753E884B1F886C71001F5B60 /* PrimitiveSequence.swift in Sources */,
				7555A5CA1F8721E200129875 /* RequestBuilder.swift in Sources */,
				7551F3811F8B500400316534 /* SessionManager.swift in Sources */,
				75CC80291F88AE0C0094A8E5 /* Singular.swift in Sources */,
				754A09251F88B85D00AE1260 /* DateFormatters.swift in Sources */,
				753E88581F8881F7001F5B60 /* R.generated.swift in Sources */,
				75D588CE1F89FFC900CF586F /* Link.swift in Sources */,
				7555A5E81F87432400129875 /* TopMovies.swift in Sources */,
				7555A5C21F87201C00129875 /* APIClientProtocol.swift in Sources */,
				7555A5D91F8740E000129875 /* Image.swift in Sources */,
				7555A5F11F87546C00129875 /* ContainerViewControllerProtocol.swift in Sources */,
				75C4EC941F8B0E6E00F96D4B /* LoadingContentView.swift in Sources */,
				75CC802D1F88B5AC0094A8E5 /* MovieWithImage.swift in Sources */,
				75C4EC961F8B2ABB00F96D4B /* Collection.swift in Sources */,
				7555A5F31F8764D700129875 /* LoadingViewController.swift in Sources */,
				754A09231F88B6A000AE1260 /* MoviesDataFetcher.swift in Sources */,
				754A09301F88F07500AE1260 /* UIColor.swift in Sources */,
				753E885B1F88825B001F5B60 /* UITableView.swift in Sources */,
				75D588CA1F89E9DC00CF586F /* MovieDetailContentView.swift in Sources */,
				753E884D1F886C95001F5B60 /* ErrorViewController.swift in Sources */,
				75D588CC1F89EB0D00CF586F /* UIImage.swift in Sources */,
				7555A5DB1F8740F700129875 /* Price.swift in Sources */,
				7555A5BF1F871FEE00129875 /* APIClient.swift in Sources */,
				7555A5D41F872B6000129875 /* HTTPMethod.swift in Sources */,
				7555A5DF1F87419400129875 /* Category.swift in Sources */,
				7555A5DD1F87417B00129875 /* ReleaseDate.swift in Sources */,
				7555A5C61F8720B000129875 /* EnvironmentalVariables.swift in Sources */,
				7555A5D61F872BFD00129875 /* NetworkError.swift in Sources */,
				7555A5C41F87206C00129875 /* EnvironmentalVariablesProtocol.swift in Sources */,
				754A092D1F88CAAF00AE1260 /* MovieDetailViewController.swift in Sources */,
				75F3C0AE1F8B345D003CDCBD /* ImageFetcher.swift in Sources */,
				75CC802F1F88B5C60094A8E5 /* MovieWithMetadata.swift in Sources */,
				7555A5C01F871FEE00129875 /* APIEndpoint.swift in Sources */,
				75CC802B1F88B58E0094A8E5 /* InterfaceColors.swift in Sources */,
				754A09281F88C6DB00AE1260 /* MovieViewModel.swift in Sources */,
				753E88481F8865D3001F5B60 /* MoviesViewController.swift in Sources */,
			);
			runOnlyForDeploymentPostprocessing = 0;
		};
/* End PBXSourcesBuildPhase section */

/* Begin PBXVariantGroup section */
		7555A5A71F8718A400129875 /* LaunchScreen.storyboard */ = {
			isa = PBXVariantGroup;
			children = (
				7555A5A81F8718A400129875 /* Base */,
			);
			name = LaunchScreen.storyboard;
			sourceTree = "<group>";
		};
/* End PBXVariantGroup section */

/* Begin XCBuildConfiguration section */
		7555A5AB1F8718A400129875 /* Debug */ = {
			isa = XCBuildConfiguration;
			buildSettings = {
				ALWAYS_SEARCH_USER_PATHS = NO;
				CLANG_ANALYZER_NONNULL = YES;
				CLANG_ANALYZER_NUMBER_OBJECT_CONVERSION = YES_AGGRESSIVE;
				CLANG_CXX_LANGUAGE_STANDARD = "gnu++14";
				CLANG_CXX_LIBRARY = "libc++";
				CLANG_ENABLE_MODULES = YES;
				CLANG_ENABLE_OBJC_ARC = YES;
				CLANG_WARN_BLOCK_CAPTURE_AUTORELEASING = YES;
				CLANG_WARN_BOOL_CONVERSION = YES;
				CLANG_WARN_COMMA = YES;
				CLANG_WARN_CONSTANT_CONVERSION = YES;
				CLANG_WARN_DIRECT_OBJC_ISA_USAGE = YES_ERROR;
				CLANG_WARN_DOCUMENTATION_COMMENTS = YES;
				CLANG_WARN_EMPTY_BODY = YES;
				CLANG_WARN_ENUM_CONVERSION = YES;
				CLANG_WARN_INFINITE_RECURSION = YES;
				CLANG_WARN_INT_CONVERSION = YES;
				CLANG_WARN_NON_LITERAL_NULL_CONVERSION = YES;
				CLANG_WARN_OBJC_LITERAL_CONVERSION = YES;
				CLANG_WARN_OBJC_ROOT_CLASS = YES_ERROR;
				CLANG_WARN_RANGE_LOOP_ANALYSIS = YES;
				CLANG_WARN_STRICT_PROTOTYPES = YES;
				CLANG_WARN_SUSPICIOUS_MOVE = YES;
				CLANG_WARN_UNGUARDED_AVAILABILITY = YES_AGGRESSIVE;
				CLANG_WARN_UNREACHABLE_CODE = YES;
				CLANG_WARN__DUPLICATE_METHOD_MATCH = YES;
				CODE_SIGN_IDENTITY = "iPhone Developer";
				COPY_PHASE_STRIP = NO;
				DEBUG_INFORMATION_FORMAT = dwarf;
				ENABLE_STRICT_OBJC_MSGSEND = YES;
				ENABLE_TESTABILITY = YES;
				GCC_C_LANGUAGE_STANDARD = gnu11;
				GCC_DYNAMIC_NO_PIC = NO;
				GCC_NO_COMMON_BLOCKS = YES;
				GCC_OPTIMIZATION_LEVEL = 0;
				GCC_PREPROCESSOR_DEFINITIONS = (
					"DEBUG=1",
					"$(inherited)",
				);
				GCC_WARN_64_TO_32_BIT_CONVERSION = YES;
				GCC_WARN_ABOUT_RETURN_TYPE = YES_ERROR;
				GCC_WARN_UNDECLARED_SELECTOR = YES;
				GCC_WARN_UNINITIALIZED_AUTOS = YES_AGGRESSIVE;
				GCC_WARN_UNUSED_FUNCTION = YES;
				GCC_WARN_UNUSED_VARIABLE = YES;
				IPHONEOS_DEPLOYMENT_TARGET = 11.0;
				MTL_ENABLE_DEBUG_INFO = YES;
				ONLY_ACTIVE_ARCH = YES;
				SDKROOT = iphoneos;
				SWIFT_ACTIVE_COMPILATION_CONDITIONS = DEBUG;
				SWIFT_OPTIMIZATION_LEVEL = "-Onone";
			};
			name = Debug;
		};
		7555A5AC1F8718A400129875 /* Release */ = {
			isa = XCBuildConfiguration;
			buildSettings = {
				ALWAYS_SEARCH_USER_PATHS = NO;
				CLANG_ANALYZER_NONNULL = YES;
				CLANG_ANALYZER_NUMBER_OBJECT_CONVERSION = YES_AGGRESSIVE;
				CLANG_CXX_LANGUAGE_STANDARD = "gnu++14";
				CLANG_CXX_LIBRARY = "libc++";
				CLANG_ENABLE_MODULES = YES;
				CLANG_ENABLE_OBJC_ARC = YES;
				CLANG_WARN_BLOCK_CAPTURE_AUTORELEASING = YES;
				CLANG_WARN_BOOL_CONVERSION = YES;
				CLANG_WARN_COMMA = YES;
				CLANG_WARN_CONSTANT_CONVERSION = YES;
				CLANG_WARN_DIRECT_OBJC_ISA_USAGE = YES_ERROR;
				CLANG_WARN_DOCUMENTATION_COMMENTS = YES;
				CLANG_WARN_EMPTY_BODY = YES;
				CLANG_WARN_ENUM_CONVERSION = YES;
				CLANG_WARN_INFINITE_RECURSION = YES;
				CLANG_WARN_INT_CONVERSION = YES;
				CLANG_WARN_NON_LITERAL_NULL_CONVERSION = YES;
				CLANG_WARN_OBJC_LITERAL_CONVERSION = YES;
				CLANG_WARN_OBJC_ROOT_CLASS = YES_ERROR;
				CLANG_WARN_RANGE_LOOP_ANALYSIS = YES;
				CLANG_WARN_STRICT_PROTOTYPES = YES;
				CLANG_WARN_SUSPICIOUS_MOVE = YES;
				CLANG_WARN_UNGUARDED_AVAILABILITY = YES_AGGRESSIVE;
				CLANG_WARN_UNREACHABLE_CODE = YES;
				CLANG_WARN__DUPLICATE_METHOD_MATCH = YES;
				CODE_SIGN_IDENTITY = "iPhone Developer";
				COPY_PHASE_STRIP = NO;
				DEBUG_INFORMATION_FORMAT = "dwarf-with-dsym";
				ENABLE_NS_ASSERTIONS = NO;
				ENABLE_STRICT_OBJC_MSGSEND = YES;
				GCC_C_LANGUAGE_STANDARD = gnu11;
				GCC_NO_COMMON_BLOCKS = YES;
				GCC_WARN_64_TO_32_BIT_CONVERSION = YES;
				GCC_WARN_ABOUT_RETURN_TYPE = YES_ERROR;
				GCC_WARN_UNDECLARED_SELECTOR = YES;
				GCC_WARN_UNINITIALIZED_AUTOS = YES_AGGRESSIVE;
				GCC_WARN_UNUSED_FUNCTION = YES;
				GCC_WARN_UNUSED_VARIABLE = YES;
				IPHONEOS_DEPLOYMENT_TARGET = 11.0;
				MTL_ENABLE_DEBUG_INFO = NO;
				SDKROOT = iphoneos;
				SWIFT_OPTIMIZATION_LEVEL = "-Owholemodule";
				VALIDATE_PRODUCT = YES;
			};
			name = Release;
		};
		7555A5AE1F8718A400129875 /* Debug */ = {
			isa = XCBuildConfiguration;
			baseConfigurationReference = 5E3BF99820CBD1FA2CD9ACA1 /* Pods-CricHQTest.debug.xcconfig */;
			buildSettings = {
				ASSETCATALOG_COMPILER_APPICON_NAME = AppIcon;
				CODE_SIGN_STYLE = Automatic;
				DEVELOPMENT_TEAM = 5FU3YAJNJH;
				INFOPLIST_FILE = "$(SRCROOT)/CricHQTest/Supporting Files/Info.plist";
				IPHONEOS_DEPLOYMENT_TARGET = 10.0;
				LD_RUNPATH_SEARCH_PATHS = "$(inherited) @executable_path/Frameworks";
				PRODUCT_BUNDLE_IDENTIFIER = com.noobish1.CricHQTest;
				PRODUCT_NAME = "$(TARGET_NAME)";
				SWIFT_VERSION = 4.0;
				TARGETED_DEVICE_FAMILY = 1;
			};
			name = Debug;
		};
		7555A5AF1F8718A400129875 /* Release */ = {
			isa = XCBuildConfiguration;
			baseConfigurationReference = B148BDDECE1CF6CA3F66C88D /* Pods-CricHQTest.release.xcconfig */;
			buildSettings = {
				ASSETCATALOG_COMPILER_APPICON_NAME = AppIcon;
				CODE_SIGN_STYLE = Automatic;
				DEVELOPMENT_TEAM = 5FU3YAJNJH;
				INFOPLIST_FILE = "$(SRCROOT)/CricHQTest/Supporting Files/Info.plist";
				IPHONEOS_DEPLOYMENT_TARGET = 10.0;
				LD_RUNPATH_SEARCH_PATHS = "$(inherited) @executable_path/Frameworks";
				PRODUCT_BUNDLE_IDENTIFIER = com.noobish1.CricHQTest;
				PRODUCT_NAME = "$(TARGET_NAME)";
				SWIFT_VERSION = 4.0;
				TARGETED_DEVICE_FAMILY = 1;
			};
			name = Release;
		};
/* End XCBuildConfiguration section */

/* Begin XCConfigurationList section */
		7555A5961F8718A400129875 /* Build configuration list for PBXProject "CricHQTest" */ = {
			isa = XCConfigurationList;
			buildConfigurations = (
				7555A5AB1F8718A400129875 /* Debug */,
				7555A5AC1F8718A400129875 /* Release */,
			);
			defaultConfigurationIsVisible = 0;
			defaultConfigurationName = Release;
		};
		7555A5AD1F8718A400129875 /* Build configuration list for PBXNativeTarget "CricHQTest" */ = {
			isa = XCConfigurationList;
			buildConfigurations = (
				7555A5AE1F8718A400129875 /* Debug */,
				7555A5AF1F8718A400129875 /* Release */,
			);
			defaultConfigurationIsVisible = 0;
			defaultConfigurationName = Release;
		};
/* End XCConfigurationList section */
	};
	rootObject = 7555A5931F8718A400129875 /* Project object */;
}
